
Microsoft Visual Studio Solution File, Format Version 12.00
# Visual Studio Version 16
VisualStudioVersion = 16.0.29409.12
MinimumVisualStudioVersion = 10.0.40219.1
Project("{FAE04EC0-301F-11D3-BF4B-00C04F79EFBC}") = "RentACar", "RentACar\RentACar.csproj", "{80F523AD-6EA4-4047-A583-3D2D06E7AEB4}"
EndProject
Project("{FAE04EC0-301F-11D3-BF4B-00C04F79EFBC}") = "RentACar.DAL", "RentACar.DAL\RentACar.DAL.csproj", "{AA45CB13-C271-4025-9023-E0FF708B6026}"
EndProject
Global
	GlobalSection(SolutionConfigurationPlatforms) = preSolution
		Debug|Any CPU = Debug|Any CPU
		Release|Any CPU = Release|Any CPU
	EndGlobalSection
	GlobalSection(ProjectConfigurationPlatforms) = postSolution
		{80F523AD-6EA4-4047-A583-3D2D06E7AEB4}.Debug|Any CPU.ActiveCfg = Debug|Any CPU
		{80F523AD-6EA4-4047-A583-3D2D06E7AEB4}.Debug|Any CPU.Build.0 = Debug|Any CPU
		{80F523AD-6EA4-4047-A583-3D2D06E7AEB4}.Release|Any CPU.ActiveCfg = Release|Any CPU
		{80F523AD-6EA4-4047-A583-3D2D06E7AEB4}.Release|Any CPU.Build.0 = Release|Any CPU
		{AA45CB13-C271-4025-9023-E0FF708B6026}.Debug|Any CPU.ActiveCfg = Debug|Any CPU
		{AA45CB13-C271-4025-9023-E0FF708B6026}.Debug|Any CPU.Build.0 = Debug|Any CPU
		{AA45CB13-C271-4025-9023-E0FF708B6026}.Release|Any CPU.ActiveCfg = Release|Any CPU
		{AA45CB13-C271-4025-9023-E0FF708B6026}.Release|Any CPU.Build.0 = Release|Any CPU
	EndGlobalSection
	GlobalSection(SolutionProperties) = preSolution
		HideSolutionNode = FALSE
	EndGlobalSection
	GlobalSection(ExtensibilityGlobals) = postSolution
		SolutionGuid = {DCF03FB9-11BD-4E76-A1A2-6F02E672156E}
	EndGlobalSection
EndGlobal
